
Microsoft Visual Studio Solution File, Format Version 12.00
# Visual Studio 15
VisualStudioVersion = 15.0.28010.2046
MinimumVisualStudioVersion = 10.0.40219.1
Project("{9A19103F-16F7-4668-BE54-9A1E7A4F7556}") = "Popbill", "Popbill.csproj", "{6E902BD2-0893-4E7E-8463-53C40858A3F7}"
EndProject
Global
	GlobalSection(SolutionConfigurationPlatforms) = preSolution
		Debug|Any CPU = Debug|Any CPU
		Release|Any CPU = Release|Any CPU
	EndGlobalSection
	GlobalSection(ProjectConfigurationPlatforms) = postSolution
		{6E902BD2-0893-4E7E-8463-53C40858A3F7}.Debug|Any CPU.ActiveCfg = Debug|Any CPU
		{6E902BD2-0893-4E7E-8463-53C40858A3F7}.Debug|Any CPU.Build.0 = Debug|Any CPU
		{6E902BD2-0893-4E7E-8463-53C40858A3F7}.Release|Any CPU.ActiveCfg = Release|Any CPU
		{6E902BD2-0893-4E7E-8463-53C40858A3F7}.Release|Any CPU.Build.0 = Release|Any CPU
	EndGlobalSection
	GlobalSection(SolutionProperties) = preSolution
		HideSolutionNode = FALSE
	EndGlobalSection
	GlobalSection(ExtensibilityGlobals) = postSolution
		SolutionGuid = {F84488D8-2CA6-4FBB-BCFE-B7C624F15A0D}
	EndGlobalSection
EndGlobal
